Microsoft Visual Studio Solution File, Format Version 11.00
# Visual Studio 2008

Project("{76E0FC6C-FBA2-F97A-59EC-DFB9B8389A7C}") = "Project Test Version GPS", "Assembly-CSharp.csproj", "{4304C62D-6F02-A712-EA96-768946C928F3}"
EndProject
Global
	GlobalSection(SolutionConfigurationPlatforms) = preSolution
		Debug|Any CPU = Debug|Any CPU
		Release|Any CPU = Release|Any CPU
	EndGlobalSection
	GlobalSection(ProjectConfigurationPlatforms) = postSolution
		{4304C62D-6F02-A712-EA96-768946C928F3}.Debug|Any CPU.ActiveCfg = Debug|Any CPU
		{4304C62D-6F02-A712-EA96-768946C928F3}.Debug|Any CPU.Build.0 = Debug|Any CPU
		{4304C62D-6F02-A712-EA96-768946C928F3}.Release|Any CPU.ActiveCfg = Release|Any CPU
		{4304C62D-6F02-A712-EA96-768946C928F3}.Release|Any CPU.Build.0 = Release|Any CPU
	EndGlobalSection
	GlobalSection(SolutionProperties) = preSolution
		HideSolutionNode = FALSE
	EndGlobalSection
	GlobalSection(MonoDevelopProperties) = preSolution
		StartupItem = Assembly-CSharp.csproj
	EndGlobalSection
EndGlobal
